
Microsoft Visual Studio Solution File, Format Version 12.00
# Visual Studio Version 16
VisualStudioVersion = 16.0.31019.35
MinimumVisualStudioVersion = 10.0.40219.1
Project("{9A19103F-16F7-4668-BE54-9A1E7A4F7556}") = "VehicleFinanceAPI", "VehicleFinanceAPI.csproj", "{5719DA68-D66F-4E4F-9CDA-1B5131FE3C9D}"
EndProject
Project("{FAE04EC0-301F-11D3-BF4B-00C04F79EFBC}") = "VehicleFinanceTests", "..\VehicleFinanceTests\VehicleFinanceTests.csproj", "{F3BEF25D-0259-4C5C-9749-A15A5F7B5443}"
EndProject
Global
	GlobalSection(SolutionConfigurationPlatforms) = preSolution
		Debug|Any CPU = Debug|Any CPU
		Release|Any CPU = Release|Any CPU
	EndGlobalSection
	GlobalSection(ProjectConfigurationPlatforms) = postSolution
		{5719DA68-D66F-4E4F-9CDA-1B5131FE3C9D}.Debug|Any CPU.ActiveCfg = Debug|Any CPU
		{5719DA68-D66F-4E4F-9CDA-1B5131FE3C9D}.Debug|Any CPU.Build.0 = Debug|Any CPU
		{5719DA68-D66F-4E4F-9CDA-1B5131FE3C9D}.Release|Any CPU.ActiveCfg = Release|Any CPU
		{5719DA68-D66F-4E4F-9CDA-1B5131FE3C9D}.Release|Any CPU.Build.0 = Release|Any CPU
		{F3BEF25D-0259-4C5C-9749-A15A5F7B5443}.Debug|Any CPU.ActiveCfg = Debug|Any CPU
		{F3BEF25D-0259-4C5C-9749-A15A5F7B5443}.Debug|Any CPU.Build.0 = Debug|Any CPU
		{F3BEF25D-0259-4C5C-9749-A15A5F7B5443}.Release|Any CPU.ActiveCfg = Release|Any CPU
		{F3BEF25D-0259-4C5C-9749-A15A5F7B5443}.Release|Any CPU.Build.0 = Release|Any CPU
	EndGlobalSection
	GlobalSection(SolutionProperties) = preSolution
		HideSolutionNode = FALSE
	EndGlobalSection
	GlobalSection(ExtensibilityGlobals) = postSolution
		SolutionGuid = {EFF2C810-F30D-41C3-B75A-97207A64BD81}
	EndGlobalSection
EndGlobal
